
Microsoft Visual Studio Solution File, Format Version 12.00
# Visual Studio Version 17
VisualStudioVersion = 17.5.33627.172
MinimumVisualStudioVersion = 10.0.40219.1
Project("{9A19103F-16F7-4668-BE54-9A1E7A4F7556}") = "Fn_First", "Fn_First\Fn_First.csproj", "{C9677226-E9CD-4E6A-B22F-3B2663EFA963}"
EndProject
Project("{2150E333-8FDC-42A3-9474-1A3956D46DE8}") = "Notes", "Notes", "{BFDB6AA0-48F4-4324-ACAF-9D4DB0FC1FA5}"
	ProjectSection(SolutionItems) = preProject
		Assignment.md = Assignment.md
		readme.md = readme.md
		scripts.sql = scripts.sql
	EndProjectSection
EndProject
Project("{FAE04EC0-301F-11D3-BF4B-00C04F79EFBC}") = "Az_FnHttpAPI", "Az_FnHttpAPI\Az_FnHttpAPI.csproj", "{9E1113B8-81D6-477B-B4C7-781203D11830}"
EndProject
Global
	GlobalSection(SolutionConfigurationPlatforms) = preSolution
		Debug|Any CPU = Debug|Any CPU
		Release|Any CPU = Release|Any CPU
	EndGlobalSection
	GlobalSection(ProjectConfigurationPlatforms) = postSolution
		{C9677226-E9CD-4E6A-B22F-3B2663EFA963}.Debug|Any CPU.ActiveCfg = Debug|Any CPU
		{C9677226-E9CD-4E6A-B22F-3B2663EFA963}.Debug|Any CPU.Build.0 = Debug|Any CPU
		{C9677226-E9CD-4E6A-B22F-3B2663EFA963}.Release|Any CPU.ActiveCfg = Release|Any CPU
		{C9677226-E9CD-4E6A-B22F-3B2663EFA963}.Release|Any CPU.Build.0 = Release|Any CPU
		{9E1113B8-81D6-477B-B4C7-781203D11830}.Debug|Any CPU.ActiveCfg = Debug|Any CPU
		{9E1113B8-81D6-477B-B4C7-781203D11830}.Debug|Any CPU.Build.0 = Debug|Any CPU
		{9E1113B8-81D6-477B-B4C7-781203D11830}.Release|Any CPU.ActiveCfg = Release|Any CPU
		{9E1113B8-81D6-477B-B4C7-781203D11830}.Release|Any CPU.Build.0 = Release|Any CPU
	EndGlobalSection
	GlobalSection(SolutionProperties) = preSolution
		HideSolutionNode = FALSE
	EndGlobalSection
	GlobalSection(ExtensibilityGlobals) = postSolution
		SolutionGuid = {170AB4D5-3ECA-441E-933B-96CC23857CCD}
	EndGlobalSection
EndGlobal
